
Microsoft Visual Studio Solution File, Format Version 12.00
# Visual Studio Version 17
VisualStudioVersion = 17.2.32526.322
MinimumVisualStudioVersion = 10.0.40219.1
Project("{FAE04EC0-301F-11D3-BF4B-00C04F79EFBC}") = "WebOnkoDis.Back", "WebOnkoDis.Back\WebOnkoDis.Back.csproj", "{68078384-336D-433E-8139-B48811D5A78D}"
EndProject
Project("{FAE04EC0-301F-11D3-BF4B-00C04F79EFBC}") = "WebOnkoDis.Helper", "WebOnkoDis.Helper\WebOnkoDis.Helper.csproj", "{5C5D2579-5639-4556-BDF4-7433FDEFEA01}"
EndProject
Project("{FAE04EC0-301F-11D3-BF4B-00C04F79EFBC}") = "WebOnkoDis.Repositories", "WebOnkoDis.Repositories\WebOnkoDis.Repositories.csproj", "{95F85473-E387-406D-A089-4090B1D6C40A}"
EndProject
Project("{FAE04EC0-301F-11D3-BF4B-00C04F79EFBC}") = "WebOnkoDis.Services", "WebOnkoDis.Services\WebOnkoDis.Services.csproj", "{A4D88186-BB85-40A7-92A2-37C80E4D4C82}"
EndProject
Project("{FAE04EC0-301F-11D3-BF4B-00C04F79EFBC}") = "WebOnkoDis.Entities", "WebOnkoDis.Entities\WebOnkoDis.Entities.csproj", "{B796DF1E-6377-4533-BD4D-7867062B119D}"
EndProject
Global
	GlobalSection(SolutionConfigurationPlatforms) = preSolution
		Debug|Any CPU = Debug|Any CPU
		Release|Any CPU = Release|Any CPU
	EndGlobalSection
	GlobalSection(ProjectConfigurationPlatforms) = postSolution
		{68078384-336D-433E-8139-B48811D5A78D}.Debug|Any CPU.ActiveCfg = Debug|Any CPU
		{68078384-336D-433E-8139-B48811D5A78D}.Debug|Any CPU.Build.0 = Debug|Any CPU
		{68078384-336D-433E-8139-B48811D5A78D}.Release|Any CPU.ActiveCfg = Release|Any CPU
		{68078384-336D-433E-8139-B48811D5A78D}.Release|Any CPU.Build.0 = Release|Any CPU
		{5C5D2579-5639-4556-BDF4-7433FDEFEA01}.Debug|Any CPU.ActiveCfg = Debug|Any CPU
		{5C5D2579-5639-4556-BDF4-7433FDEFEA01}.Debug|Any CPU.Build.0 = Debug|Any CPU
		{5C5D2579-5639-4556-BDF4-7433FDEFEA01}.Release|Any CPU.ActiveCfg = Release|Any CPU
		{5C5D2579-5639-4556-BDF4-7433FDEFEA01}.Release|Any CPU.Build.0 = Release|Any CPU
		{95F85473-E387-406D-A089-4090B1D6C40A}.Debug|Any CPU.ActiveCfg = Debug|Any CPU
		{95F85473-E387-406D-A089-4090B1D6C40A}.Debug|Any CPU.Build.0 = Debug|Any CPU
		{95F85473-E387-406D-A089-4090B1D6C40A}.Release|Any CPU.ActiveCfg = Release|Any CPU
		{95F85473-E387-406D-A089-4090B1D6C40A}.Release|Any CPU.Build.0 = Release|Any CPU
		{A4D88186-BB85-40A7-92A2-37C80E4D4C82}.Debug|Any CPU.ActiveCfg = Debug|Any CPU
		{A4D88186-BB85-40A7-92A2-37C80E4D4C82}.Debug|Any CPU.Build.0 = Debug|Any CPU
		{A4D88186-BB85-40A7-92A2-37C80E4D4C82}.Release|Any CPU.ActiveCfg = Release|Any CPU
		{A4D88186-BB85-40A7-92A2-37C80E4D4C82}.Release|Any CPU.Build.0 = Release|Any CPU
		{B796DF1E-6377-4533-BD4D-7867062B119D}.Debug|Any CPU.ActiveCfg = Debug|Any CPU
		{B796DF1E-6377-4533-BD4D-7867062B119D}.Debug|Any CPU.Build.0 = Debug|Any CPU
		{B796DF1E-6377-4533-BD4D-7867062B119D}.Release|Any CPU.ActiveCfg = Release|Any CPU
		{B796DF1E-6377-4533-BD4D-7867062B119D}.Release|Any CPU.Build.0 = Release|Any CPU
	EndGlobalSection
	GlobalSection(SolutionProperties) = preSolution
		HideSolutionNode = FALSE
	EndGlobalSection
	GlobalSection(ExtensibilityGlobals) = postSolution
		SolutionGuid = {C3B830BF-D322-4E33-A49B-AF95D5360FD2}
	EndGlobalSection
EndGlobal
